// !$*UTF8*$!
{
	archiveVersion = 1;
	classes = {
	};
	objectVersion = 53;
	objects = {

/* Begin PBXBuildFile section */
		3F1684A727B245880093AFC4 /* NewGameView.swift in Sources */ = {isa = PBXBuildFile; fileRef = 3F1684A627B245880093AFC4 /* NewGameView.swift */; };
		3F1684A927B2488A0093AFC4 /* RedButton.swift in Sources */ = {isa = PBXBuildFile; fileRef = 3F1684A827B2488A0093AFC4 /* RedButton.swift */; };
		3F1BA77927ABB60000A3BE5E /* GameState.swift in Sources */ = {isa = PBXBuildFile; fileRef = 3F1BA77827ABB60000A3BE5E /* GameState.swift */; };
		3F1BA77B27ABB7BA00A3BE5E /* RegisterView.swift in Sources */ = {isa = PBXBuildFile; fileRef = 3F1BA77A27ABB7BA00A3BE5E /* RegisterView.swift */; };
		3F207A3C27B0FE1D001480AB /* OptionsView.swift in Sources */ = {isa = PBXBuildFile; fileRef = 3F207A3B27B0FE1D001480AB /* OptionsView.swift */; };
		3F207A3F27B106CC001480AB /* ActivityView.swift in Sources */ = {isa = PBXBuildFile; fileRef = 3F207A3E27B106CC001480AB /* ActivityView.swift */; };
		3F207A4127B11179001480AB /* LaunchScreen.storyboard in Resources */ = {isa = PBXBuildFile; fileRef = 3F207A4027B11179001480AB /* LaunchScreen.storyboard */; };
		3F207A4327B118D7001480AB /* AnimatedLaunchScreen.swift in Sources */ = {isa = PBXBuildFile; fileRef = 3F207A4227B118D7001480AB /* AnimatedLaunchScreen.swift */; };
		3F512A4F27B03551007B5206 /* ResultView.swift in Sources */ = {isa = PBXBuildFile; fileRef = 3F512A4E27B03551007B5206 /* ResultView.swift */; };
		3F512A5227B03578007B5206 /* ResultInfo.swift in Sources */ = {isa = PBXBuildFile; fileRef = 3F512A5127B03578007B5206 /* ResultInfo.swift */; };
		3F512A5527B03D98007B5206 /* AuthorView.swift in Sources */ = {isa = PBXBuildFile; fileRef = 3F512A5427B03D98007B5206 /* AuthorView.swift */; };
		3F56211027AE84B20031F26A /* Molle-Regular.ttf in Resources */ = {isa = PBXBuildFile; fileRef = 3F56210F27AE84B20031F26A /* Molle-Regular.ttf */; };
		3F56211227AEB4180031F26A /* MainView.swift in Sources */ = {isa = PBXBuildFile; fileRef = 3F56211127AEB4180031F26A /* MainView.swift */; };
		3F67F1DB27B30AC0004BCD3F /* AppState.swift in Sources */ = {isa = PBXBuildFile; fileRef = 3F67F1DA27B30AC0004BCD3F /* AppState.swift */; };
		3F67F1DD27B310CE004BCD3F /* ResultViewModel.swift in Sources */ = {isa = PBXBuildFile; fileRef = 3F67F1DC27B310CE004BCD3F /* ResultViewModel.swift */; };
		3F67F1DF27B31278004BCD3F /* InstructionView.swift in Sources */ = {isa = PBXBuildFile; fileRef = 3F67F1DE27B31278004BCD3F /* InstructionView.swift */; };
		3F68417F27B4FA31004BBFD4 /* AchievementsListView.swift in Sources */ = {isa = PBXBuildFile; fileRef = 3F68417E27B4FA31004BBFD4 /* AchievementsListView.swift */; };
		3F68418127B4FA8E004BBFD4 /* AchievementView.swift in Sources */ = {isa = PBXBuildFile; fileRef = 3F68418027B4FA8E004BBFD4 /* AchievementView.swift */; };
		3F68418327B4FC42004BBFD4 /* GlassView.swift in Sources */ = {isa = PBXBuildFile; fileRef = 3F68418227B4FC42004BBFD4 /* GlassView.swift */; };
		3F68418627B505BE004BBFD4 /* AchievementInfo.swift in Sources */ = {isa = PBXBuildFile; fileRef = 3F68418527B505BE004BBFD4 /* AchievementInfo.swift */; };
		3F68418827B5078B004BBFD4 /* AchievementViewModel.swift in Sources */ = {isa = PBXBuildFile; fileRef = 3F68418727B5078B004BBFD4 /* AchievementViewModel.swift */; };
		3FB493EA27AA6BF1009E8D3B /* GameView.swift in Sources */ = {isa = PBXBuildFile; fileRef = 3FB493E927AA6BF1009E8D3B /* GameView.swift */; };
		3FB493EE27AA745F009E8D3B /* HUDView.swift in Sources */ = {isa = PBXBuildFile; fileRef = 3FB493ED27AA745F009E8D3B /* HUDView.swift */; };
		3FB493F027AA90C0009E8D3B /* AuthTextField.swift in Sources */ = {isa = PBXBuildFile; fileRef = 3FB493EF27AA90C0009E8D3B /* AuthTextField.swift */; };
		3FB493F527AAA6DC009E8D3B /* GameItem.swift in Sources */ = {isa = PBXBuildFile; fileRef = 3FB493F427AAA6DC009E8D3B /* GameItem.swift */; };
		3FC0E46F27ADA7400071974D /* AnimatedView.swift in Sources */ = {isa = PBXBuildFile; fileRef = 3FC0E46E27ADA7400071974D /* AnimatedView.swift */; };
		3FCA30AC27B29C4A006A0701 /* CombineExt in Frameworks */ = {isa = PBXBuildFile; productRef = 3FCA30AB27B29C4A006A0701 /* CombineExt */; };
		3FCA30AE27B29DE5006A0701 /* Service.swift in Sources */ = {isa = PBXBuildFile; fileRef = 3FCA30AD27B29DE5006A0701 /* Service.swift */; };
		3FD7E1E327A9A27600A727DD /* Feed_The_CatApp.swift in Sources */ = {isa = PBXBuildFile; fileRef = 3FD7E1E227A9A27600A727DD /* Feed_The_CatApp.swift */; };
		3FD7E1E727A9A27800A727DD /* Assets.xcassets in Resources */ = {isa = PBXBuildFile; fileRef = 3FD7E1E627A9A27800A727DD /* Assets.xcassets */; };
		3FD7E1EA27A9A27800A727DD /* Preview Assets.xcassets in Resources */ = {isa = PBXBuildFile; fileRef = 3FD7E1E927A9A27800A727DD /* Preview Assets.xcassets */; };
		3FD7E1F127A9A2B600A727DD /* CatView.swift in Sources */ = {isa = PBXBuildFile; fileRef = 3FD7E1F027A9A2B600A727DD /* CatView.swift */; };
		3FD7E1F327A9A38100A727DD /* Resources.swift in Sources */ = {isa = PBXBuildFile; fileRef = 3FD7E1F227A9A38100A727DD /* Resources.swift */; };
		3FD7E1F827A9A81C00A727DD /* AuthView.swift in Sources */ = {isa = PBXBuildFile; fileRef = 3FD7E1F727A9A81C00A727DD /* AuthView.swift */; };
		3FE42F1027AC02D800476D14 /* GoogleService-Info.plist in Resources */ = {isa = PBXBuildFile; fileRef = 3FE42F0F27AC02D800476D14 /* GoogleService-Info.plist */; };
		3FE42F1327AC034700476D14 /* FirebaseAuth in Frameworks */ = {isa = PBXBuildFile; productRef = 3FE42F1227AC034700476D14 /* FirebaseAuth */; };
		3FE42F1527AC034700476D14 /* FirebaseFirestore in Frameworks */ = {isa = PBXBuildFile; productRef = 3FE42F1427AC034700476D14 /* FirebaseFirestore */; };
		3FE42F1727AC03A500476D14 /* AuthViewModel.swift in Sources */ = {isa = PBXBuildFile; fileRef = 3FE42F1627AC03A500476D14 /* AuthViewModel.swift */; };
		3FE42F1927AC03B500476D14 /* FirebaseService.swift in Sources */ = {isa = PBXBuildFile; fileRef = 3FE42F1827AC03B500476D14 /* FirebaseService.swift */; };
		3FE42F1B27AC056600476D14 /* RegisterViewModel.swift in Sources */ = {isa = PBXBuildFile; fileRef = 3FE42F1A27AC056600476D14 /* RegisterViewModel.swift */; };
/* End PBXBuildFile section */

/* Begin PBXFileReference section */
		3F1684A627B245880093AFC4 /* NewGameView.swift */ = {isa = PBXFileReference; lastKnownFileType = sourcecode.swift; path = NewGameView.swift; sourceTree = "<group>"; };
		3F1684A827B2488A0093AFC4 /* RedButton.swift */ = {isa = PBXFileReference; lastKnownFileType = sourcecode.swift; path = RedButton.swift; sourceTree = "<group>"; };
		3F1BA77827ABB60000A3BE5E /* GameState.swift */ = {isa = PBXFileReference; lastKnownFileType = sourcecode.swift; path = GameState.swift; sourceTree = "<group>"; };
		3F1BA77A27ABB7BA00A3BE5E /* RegisterView.swift */ = {isa = PBXFileReference; lastKnownFileType = sourcecode.swift; path = RegisterView.swift; sourceTree = "<group>"; };
		3F207A3B27B0FE1D001480AB /* OptionsView.swift */ = {isa = PBXFileReference; lastKnownFileType = sourcecode.swift; path = OptionsView.swift; sourceTree = "<group>"; };
		3F207A3E27B106CC001480AB /* ActivityView.swift */ = {isa = PBXFileReference; lastKnownFileType = sourcecode.swift; path = ActivityView.swift; sourceTree = "<group>"; };
		3F207A4027B11179001480AB /* LaunchScreen.storyboard */ = {isa = PBXFileReference; lastKnownFileType = file.storyboard; path = LaunchScreen.storyboard; sourceTree = "<group>"; };
		3F207A4227B118D7001480AB /* AnimatedLaunchScreen.swift */ = {isa = PBXFileReference; lastKnownFileType = sourcecode.swift; path = AnimatedLaunchScreen.swift; sourceTree = "<group>"; };
		3F512A4E27B03551007B5206 /* ResultView.swift */ = {isa = PBXFileReference; lastKnownFileType = sourcecode.swift; path = ResultView.swift; sourceTree = "<group>"; };
		3F512A5127B03578007B5206 /* ResultInfo.swift */ = {isa = PBXFileReference; lastKnownFileType = sourcecode.swift; path = ResultInfo.swift; sourceTree = "<group>"; };
		3F512A5427B03D98007B5206 /* AuthorView.swift */ = {isa = PBXFileReference; lastKnownFileType = sourcecode.swift; path = AuthorView.swift; sourceTree = "<group>"; };
		3F56210F27AE84B20031F26A /* Molle-Regular.ttf */ = {isa = PBXFileReference; lastKnownFileType = file; path = "Molle-Regular.ttf"; sourceTree = "<group>"; };
		3F56211127AEB4180031F26A /* MainView.swift */ = {isa = PBXFileReference; lastKnownFileType = sourcecode.swift; path = MainView.swift; sourceTree = "<group>"; };
		3F67F1DA27B30AC0004BCD3F /* AppState.swift */ = {isa = PBXFileReference; lastKnownFileType = sourcecode.swift; path = AppState.swift; sourceTree = "<group>"; };
		3F67F1DC27B310CE004BCD3F /* ResultViewModel.swift */ = {isa = PBXFileReference; lastKnownFileType = sourcecode.swift; path = ResultViewModel.swift; sourceTree = "<group>"; };
		3F67F1DE27B31278004BCD3F /* InstructionView.swift */ = {isa = PBXFileReference; lastKnownFileType = sourcecode.swift; path = InstructionView.swift; sourceTree = "<group>"; };
		3F68417E27B4FA31004BBFD4 /* AchievementsListView.swift */ = {isa = PBXFileReference; lastKnownFileType = sourcecode.swift; path = AchievementsListView.swift; sourceTree = "<group>"; };
		3F68418027B4FA8E004BBFD4 /* AchievementView.swift */ = {isa = PBXFileReference; lastKnownFileType = sourcecode.swift; path = AchievementView.swift; sourceTree = "<group>"; };
		3F68418227B4FC42004BBFD4 /* GlassView.swift */ = {isa = PBXFileReference; lastKnownFileType = sourcecode.swift; path = GlassView.swift; sourceTree = "<group>"; };
		3F68418527B505BE004BBFD4 /* AchievementInfo.swift */ = {isa = PBXFileReference; lastKnownFileType = sourcecode.swift; path = AchievementInfo.swift; sourceTree = "<group>"; };
		3F68418727B5078B004BBFD4 /* AchievementViewModel.swift */ = {isa = PBXFileReference; lastKnownFileType = sourcecode.swift; path = AchievementViewModel.swift; sourceTree = "<group>"; };
		3FB493E927AA6BF1009E8D3B /* GameView.swift */ = {isa = PBXFileReference; lastKnownFileType = sourcecode.swift; path = GameView.swift; sourceTree = "<group>"; };
		3FB493ED27AA745F009E8D3B /* HUDView.swift */ = {isa = PBXFileReference; lastKnownFileType = sourcecode.swift; path = HUDView.swift; sourceTree = "<group>"; };
		3FB493EF27AA90C0009E8D3B /* AuthTextField.swift */ = {isa = PBXFileReference; lastKnownFileType = sourcecode.swift; path = AuthTextField.swift; sourceTree = "<group>"; };
		3FB493F427AAA6DC009E8D3B /* GameItem.swift */ = {isa = PBXFileReference; lastKnownFileType = sourcecode.swift; path = GameItem.swift; sourceTree = "<group>"; };
		3FC0E46E27ADA7400071974D /* AnimatedView.swift */ = {isa = PBXFileReference; lastKnownFileType = sourcecode.swift; path = AnimatedView.swift; sourceTree = "<group>"; };
		3FCA30AD27B29DE5006A0701 /* Service.swift */ = {isa = PBXFileReference; lastKnownFileType = sourcecode.swift; path = Service.swift; sourceTree = "<group>"; };
		3FD7E1DF27A9A27600A727DD /* Feed The Cat.app */ = {isa = PBXFileReference; explicitFileType = wrapper.application; includeInIndex = 0; path = "Feed The Cat.app"; sourceTree = BUILT_PRODUCTS_DIR; };
		3FD7E1E227A9A27600A727DD /* Feed_The_CatApp.swift */ = {isa = PBXFileReference; lastKnownFileType = sourcecode.swift; path = Feed_The_CatApp.swift; sourceTree = "<group>"; };
		3FD7E1E627A9A27800A727DD /* Assets.xcassets */ = {isa = PBXFileReference; lastKnownFileType = folder.assetcatalog; path = Assets.xcassets; sourceTree = "<group>"; };
		3FD7E1E927A9A27800A727DD /* Preview Assets.xcassets */ = {isa = PBXFileReference; lastKnownFileType = folder.assetcatalog; path = "Preview Assets.xcassets"; sourceTree = "<group>"; };
		3FD7E1F027A9A2B600A727DD /* CatView.swift */ = {isa = PBXFileReference; lastKnownFileType = sourcecode.swift; path = CatView.swift; sourceTree = "<group>"; };
		3FD7E1F227A9A38100A727DD /* Resources.swift */ = {isa = PBXFileReference; lastKnownFileType = sourcecode.swift; path = Resources.swift; sourceTree = "<group>"; };
		3FD7E1F627A9A50B00A727DD /* Feed-The-Cat-Info.plist */ = {isa = PBXFileReference; lastKnownFileType = text.plist; path = "Feed-The-Cat-Info.plist"; sourceTree = SOURCE_ROOT; };
		3FD7E1F727A9A81C00A727DD /* AuthView.swift */ = {isa = PBXFileReference; lastKnownFileType = sourcecode.swift; path = AuthView.swift; sourceTree = "<group>"; };
		3FE42F0F27AC02D800476D14 /* GoogleService-Info.plist */ = {isa = PBXFileReference; fileEncoding = 4; lastKnownFileType = text.plist.xml; path = "GoogleService-Info.plist"; sourceTree = "<group>"; };
		3FE42F1627AC03A500476D14 /* AuthViewModel.swift */ = {isa = PBXFileReference; lastKnownFileType = sourcecode.swift; path = AuthViewModel.swift; sourceTree = "<group>"; };
		3FE42F1827AC03B500476D14 /* FirebaseService.swift */ = {isa = PBXFileReference; lastKnownFileType = sourcecode.swift; path = FirebaseService.swift; sourceTree = "<group>"; };
		3FE42F1A27AC056600476D14 /* RegisterViewModel.swift */ = {isa = PBXFileReference; lastKnownFileType = sourcecode.swift; path = RegisterViewModel.swift; sourceTree = "<group>"; };
/* End PBXFileReference section */

/* Begin PBXFrameworksBuildPhase section */
		3FD7E1DC27A9A27600A727DD /* Frameworks */ = {
			isa = PBXFrameworksBuildPhase;
			buildActionMask = 2147483647;
			files = (
				3FE42F1327AC034700476D14 /* FirebaseAuth in Frameworks */,
				3FCA30AC27B29C4A006A0701 /* CombineExt in Frameworks */,
				3FE42F1527AC034700476D14 /* FirebaseFirestore in Frameworks */,
			);
			runOnlyForDeploymentPostprocessing = 0;
		};
/* End PBXFrameworksBuildPhase section */

/* Begin PBXGroup section */
		3F207A3D27B0FE61001480AB /* Options */ = {
			isa = PBXGroup;
			children = (
				3F512A5027B03558007B5206 /* Result */,
				3F68418427B4FDE4004BBFD4 /* Achievements */,
				3F512A5427B03D98007B5206 /* AuthorView.swift */,
				3F207A3B27B0FE1D001480AB /* OptionsView.swift */,
				3F67F1DE27B31278004BCD3F /* InstructionView.swift */,
			);
			path = Options;
			sourceTree = "<group>";
		};
		3F512A5027B03558007B5206 /* Result */ = {
			isa = PBXGroup;
			children = (
				3F512A4E27B03551007B5206 /* ResultView.swift */,
				3F512A5127B03578007B5206 /* ResultInfo.swift */,
				3F67F1DC27B310CE004BCD3F /* ResultViewModel.swift */,
			);
			path = Result;
			sourceTree = "<group>";
		};
		3F512A5327B03733007B5206 /* Registration */ = {
			isa = PBXGroup;
			children = (
				3F1BA77A27ABB7BA00A3BE5E /* RegisterView.swift */,
				3FE42F1A27AC056600476D14 /* RegisterViewModel.swift */,
			);
			path = Registration;
			sourceTree = "<group>";
		};
		3F67F1D827B3075E004BCD3F /* Auth */ = {
			isa = PBXGroup;
			children = (
				3FD7E1F727A9A81C00A727DD /* AuthView.swift */,
				3FE42F1627AC03A500476D14 /* AuthViewModel.swift */,
			);
			path = Auth;
			sourceTree = "<group>";
		};
		3F67F1D927B3076D004BCD3F /* Custom View */ = {
			isa = PBXGroup;
			children = (
				3F207A3E27B106CC001480AB /* ActivityView.swift */,
				3FB493EF27AA90C0009E8D3B /* AuthTextField.swift */,
				3F1684A827B2488A0093AFC4 /* RedButton.swift */,
			);
			path = "Custom View";
			sourceTree = "<group>";
		};
		3F68418427B4FDE4004BBFD4 /* Achievements */ = {
			isa = PBXGroup;
			children = (
				3F68417E27B4FA31004BBFD4 /* AchievementsListView.swift */,
				3F68418027B4FA8E004BBFD4 /* AchievementView.swift */,
				3F68418227B4FC42004BBFD4 /* GlassView.swift */,
				3F68418527B505BE004BBFD4 /* AchievementInfo.swift */,
				3F68418727B5078B004BBFD4 /* AchievementViewModel.swift */,
			);
			path = Achievements;
			sourceTree = "<group>";
		};
		3FB493F127AAA08D009E8D3B /* Login */ = {
			isa = PBXGroup;
			children = (
				3F67F1D827B3075E004BCD3F /* Auth */,
				3F512A5327B03733007B5206 /* Registration */,
			);
			path = Login;
			sourceTree = "<group>";
		};
		3FB493F227AAA0A5009E8D3B /* Game */ = {
			isa = PBXGroup;
			children = (
				3FD7E1F027A9A2B600A727DD /* CatView.swift */,
				3FB493E927AA6BF1009E8D3B /* GameView.swift */,
				3FB493ED27AA745F009E8D3B /* HUDView.swift */,
				3FB493F427AAA6DC009E8D3B /* GameItem.swift */,
				3FC0E46E27ADA7400071974D /* AnimatedView.swift */,
				3F1BA77827ABB60000A3BE5E /* GameState.swift */,
				3F1684A627B245880093AFC4 /* NewGameView.swift */,
			);
			path = Game;
			sourceTree = "<group>";
		};
		3FB493F327AAA0C5009E8D3B /* Resources */ = {
			isa = PBXGroup;
			children = (
				3F56210F27AE84B20031F26A /* Molle-Regular.ttf */,
				3FD7E1E627A9A27800A727DD /* Assets.xcassets */,
				3FD7E1F227A9A38100A727DD /* Resources.swift */,
			);
			path = Resources;
			sourceTree = "<group>";
		};
		3FCA30AF27B2A428006A0701 /* Launch Screen */ = {
			isa = PBXGroup;
			children = (
				3F207A4227B118D7001480AB /* AnimatedLaunchScreen.swift */,
				3F207A4027B11179001480AB /* LaunchScreen.storyboard */,
			);
			path = "Launch Screen";
			sourceTree = "<group>";
		};
		3FD7E1D627A9A27600A727DD = {
			isa = PBXGroup;
			children = (
				3FD7E1E127A9A27600A727DD /* Feed The Cat */,
				3FD7E1E027A9A27600A727DD /* Products */,
			);
			sourceTree = "<group>";
		};
		3FD7E1E027A9A27600A727DD /* Products */ = {
			isa = PBXGroup;
			children = (
				3FD7E1DF27A9A27600A727DD /* Feed The Cat.app */,
			);
			name = Products;
			sourceTree = "<group>";
		};
		3FD7E1E127A9A27600A727DD /* Feed The Cat */ = {
			isa = PBXGroup;
			children = (
				3F67F1D927B3076D004BCD3F /* Custom View */,
				3FCA30AF27B2A428006A0701 /* Launch Screen */,
				3F207A3D27B0FE61001480AB /* Options */,
				3FB493F227AAA0A5009E8D3B /* Game */,
				3FB493F127AAA08D009E8D3B /* Login */,
				3FB493F327AAA0C5009E8D3B /* Resources */,
				3FD7E1E227A9A27600A727DD /* Feed_The_CatApp.swift */,
				3FD7E1F627A9A50B00A727DD /* Feed-The-Cat-Info.plist */,
				3FE42F0F27AC02D800476D14 /* GoogleService-Info.plist */,
				3FD7E1E827A9A27800A727DD /* Preview Content */,
				3FE42F1827AC03B500476D14 /* FirebaseService.swift */,
				3F56211127AEB4180031F26A /* MainView.swift */,
				3FCA30AD27B29DE5006A0701 /* Service.swift */,
				3F67F1DA27B30AC0004BCD3F /* AppState.swift */,
			);
			path = "Feed The Cat";
			sourceTree = "<group>";
		};
		3FD7E1E827A9A27800A727DD /* Preview Content */ = {
			isa = PBXGroup;
			children = (
				3FD7E1E927A9A27800A727DD /* Preview Assets.xcassets */,
			);
			path = "Preview Content";
			sourceTree = "<group>";
		};
/* End PBXGroup section */

/* Begin PBXNativeTarget section */
		3FD7E1DE27A9A27600A727DD /* Feed The Cat */ = {
			isa = PBXNativeTarget;
			buildConfigurationList = 3FD7E1ED27A9A27800A727DD /* Build configuration list for PBXNativeTarget "Feed The Cat" */;
			buildPhases = (
				3FD7E1DB27A9A27600A727DD /* Sources */,
				3FD7E1DC27A9A27600A727DD /* Frameworks */,
				3FD7E1DD27A9A27600A727DD /* Resources */,
			);
			buildRules = (
			);
			dependencies = (
			);
			name = "Feed The Cat";
			packageProductDependencies = (
				3FE42F1227AC034700476D14 /* FirebaseAuth */,
				3FE42F1427AC034700476D14 /* FirebaseFirestore */,
				3FCA30AB27B29C4A006A0701 /* CombineExt */,
			);
			productName = "Feed The Cat";
			productReference = 3FD7E1DF27A9A27600A727DD /* Feed The Cat.app */;
			productType = "com.apple.product-type.application";
		};
/* End PBXNativeTarget section */

/* Begin PBXProject section */
		3FD7E1D727A9A27600A727DD /* Project object */ = {
			isa = PBXProject;
			attributes = {
				BuildIndependentTargetsInParallel = 1;
				LastSwiftUpdateCheck = 1300;
				LastUpgradeCheck = 1300;
				TargetAttributes = {
					3FD7E1DE27A9A27600A727DD = {
						CreatedOnToolsVersion = 13.0;
					};
				};
			};
			buildConfigurationList = 3FD7E1DA27A9A27600A727DD /* Build configuration list for PBXProject "Feed The Cat" */;
			compatibilityVersion = "Xcode 11.0";
			developmentRegion = en;
			hasScannedForEncodings = 0;
			knownRegions = (
				en,
				Base,
			);
			mainGroup = 3FD7E1D627A9A27600A727DD;
			packageReferences = (
				3FE42F1127AC034700476D14 /* XCRemoteSwiftPackageReference "firebase-ios-sdk" */,
				3FCA30AA27B29C4A006A0701 /* XCRemoteSwiftPackageReference "CombineExt" */,
			);
			productRefGroup = 3FD7E1E027A9A27600A727DD /* Products */;
			projectDirPath = "";
			projectRoot = "";
			targets = (
				3FD7E1DE27A9A27600A727DD /* Feed The Cat */,
			);
		};
/* End PBXProject section */

/* Begin PBXResourcesBuildPhase section */
		3FD7E1DD27A9A27600A727DD /* Resources */ = {
			isa = PBXResourcesBuildPhase;
			buildActionMask = 2147483647;
			files = (
				3FE42F1027AC02D800476D14 /* GoogleService-Info.plist in Resources */,
				3F56211027AE84B20031F26A /* Molle-Regular.ttf in Resources */,
				3FD7E1EA27A9A27800A727DD /* Preview Assets.xcassets in Resources */,
				3F207A4127B11179001480AB /* LaunchScreen.storyboard in Resources */,
				3FD7E1E727A9A27800A727DD /* Assets.xcassets in Resources */,
			);
			runOnlyForDeploymentPostprocessing = 0;
		};
/* End PBXResourcesBuildPhase section */

/* Begin PBXSourcesBuildPhase section */
		3FD7E1DB27A9A27600A727DD /* Sources */ = {
			isa = PBXSourcesBuildPhase;
			buildActionMask = 2147483647;
			files = (
				3F1BA77B27ABB7BA00A3BE5E /* RegisterView.swift in Sources */,
				3F68417F27B4FA31004BBFD4 /* AchievementsListView.swift in Sources */,
				3FB493EE27AA745F009E8D3B /* HUDView.swift in Sources */,
				3F512A5227B03578007B5206 /* ResultInfo.swift in Sources */,
				3FB493F027AA90C0009E8D3B /* AuthTextField.swift in Sources */,
				3FD7E1F327A9A38100A727DD /* Resources.swift in Sources */,
				3F67F1DF27B31278004BCD3F /* InstructionView.swift in Sources */,
				3FD7E1E327A9A27600A727DD /* Feed_The_CatApp.swift in Sources */,
				3F512A4F27B03551007B5206 /* ResultView.swift in Sources */,
				3FD7E1F827A9A81C00A727DD /* AuthView.swift in Sources */,
				3F68418827B5078B004BBFD4 /* AchievementViewModel.swift in Sources */,
				3FC0E46F27ADA7400071974D /* AnimatedView.swift in Sources */,
				3F512A5527B03D98007B5206 /* AuthorView.swift in Sources */,
				3FE42F1927AC03B500476D14 /* FirebaseService.swift in Sources */,
				3F68418127B4FA8E004BBFD4 /* AchievementView.swift in Sources */,
				3FD7E1F127A9A2B600A727DD /* CatView.swift in Sources */,
				3F207A3C27B0FE1D001480AB /* OptionsView.swift in Sources */,
				3F207A3F27B106CC001480AB /* ActivityView.swift in Sources */,
				3FE42F1B27AC056600476D14 /* RegisterViewModel.swift in Sources */,
				3F1684A727B245880093AFC4 /* NewGameView.swift in Sources */,
				3F68418627B505BE004BBFD4 /* AchievementInfo.swift in Sources */,
				3F67F1DB27B30AC0004BCD3F /* AppState.swift in Sources */,
				3FE42F1727AC03A500476D14 /* AuthViewModel.swift in Sources */,
				3FCA30AE27B29DE5006A0701 /* Service.swift in Sources */,
				3F1BA77927ABB60000A3BE5E /* GameState.swift in Sources */,
				3FB493EA27AA6BF1009E8D3B /* GameView.swift in Sources */,
				3F207A4327B118D7001480AB /* AnimatedLaunchScreen.swift in Sources */,
				3F56211227AEB4180031F26A /* MainView.swift in Sources */,
				3F1684A927B2488A0093AFC4 /* RedButton.swift in Sources */,
				3F68418327B4FC42004BBFD4 /* GlassView.swift in Sources */,
				3FB493F527AAA6DC009E8D3B /* GameItem.swift in Sources */,
				3F67F1DD27B310CE004BCD3F /* ResultViewModel.swift in Sources */,
			);
			runOnlyForDeploymentPostprocessing = 0;
		};
/* End PBXSourcesBuildPhase section */

/* Begin XCBuildConfiguration section */
		3FD7E1EB27A9A27800A727DD /* Debug */ = {
			isa = XCBuildConfiguration;
			buildSettings = {
				ALWAYS_SEARCH_USER_PATHS = NO;
				CLANG_ANALYZER_NONNULL = YES;
				CLANG_ANALYZER_NUMBER_OBJECT_CONVERSION = YES_AGGRESSIVE;
				CLANG_CXX_LANGUAGE_STANDARD = "gnu++17";
				CLANG_CXX_LIBRARY = "libc++";
				CLANG_ENABLE_MODULES = YES;
				CLANG_ENABLE_OBJC_ARC = YES;
				CLANG_ENABLE_OBJC_WEAK = YES;
				CLANG_WARN_BLOCK_CAPTURE_AUTORELEASING = YES;
				CLANG_WARN_BOOL_CONVERSION = YES;
				CLANG_WARN_COMMA = YES;
				CLANG_WARN_CONSTANT_CONVERSION = YES;
				CLANG_WARN_DEPRECATED_OBJC_IMPLEMENTATIONS = YES;
				CLANG_WARN_DIRECT_OBJC_ISA_USAGE = YES_ERROR;
				CLANG_WARN_DOCUMENTATION_COMMENTS = YES;
				CLANG_WARN_EMPTY_BODY = YES;
				CLANG_WARN_ENUM_CONVERSION = YES;
				CLANG_WARN_INFINITE_RECURSION = YES;
				CLANG_WARN_INT_CONVERSION = YES;
				CLANG_WARN_NON_LITERAL_NULL_CONVERSION = YES;
				CLANG_WARN_OBJC_IMPLICIT_RETAIN_SELF = YES;
				CLANG_WARN_OBJC_LITERAL_CONVERSION = YES;
				CLANG_WARN_OBJC_ROOT_CLASS = YES_ERROR;
				CLANG_WARN_QUOTED_INCLUDE_IN_FRAMEWORK_HEADER = YES;
				CLANG_WARN_RANGE_LOOP_ANALYSIS = YES;
				CLANG_WARN_STRICT_PROTOTYPES = YES;
				CLANG_WARN_SUSPICIOUS_MOVE = YES;
				CLANG_WARN_UNGUARDED_AVAILABILITY = YES_AGGRESSIVE;
				CLANG_WARN_UNREACHABLE_CODE = YES;
				CLANG_WARN__DUPLICATE_METHOD_MATCH = YES;
				COPY_PHASE_STRIP = NO;
				DEBUG_INFORMATION_FORMAT = dwarf;
				ENABLE_STRICT_OBJC_MSGSEND = YES;
				ENABLE_TESTABILITY = YES;
				GCC_C_LANGUAGE_STANDARD = gnu11;
				GCC_DYNAMIC_NO_PIC = NO;
				GCC_NO_COMMON_BLOCKS = YES;
				GCC_OPTIMIZATION_LEVEL = 0;
				GCC_PREPROCESSOR_DEFINITIONS = (
					"DEBUG=1",
					"$(inherited)",
				);
				GCC_WARN_64_TO_32_BIT_CONVERSION = YES;
				GCC_WARN_ABOUT_RETURN_TYPE = YES_ERROR;
				GCC_WARN_UNDECLARED_SELECTOR = YES;
				GCC_WARN_UNINITIALIZED_AUTOS = YES_AGGRESSIVE;
				GCC_WARN_UNUSED_FUNCTION = YES;
				GCC_WARN_UNUSED_VARIABLE = YES;
				IPHONEOS_DEPLOYMENT_TARGET = 15.0;
				MTL_ENABLE_DEBUG_INFO = INCLUDE_SOURCE;
				MTL_FAST_MATH = YES;
				ONLY_ACTIVE_ARCH = YES;
				SDKROOT = iphoneos;
				SWIFT_ACTIVE_COMPILATION_CONDITIONS = DEBUG;
				SWIFT_OPTIMIZATION_LEVEL = "-Onone";
			};
			name = Debug;
		};
		3FD7E1EC27A9A27800A727DD /* Release */ = {
			isa = XCBuildConfiguration;
			buildSettings = {
				ALWAYS_SEARCH_USER_PATHS = NO;
				CLANG_ANALYZER_NONNULL = YES;
				CLANG_ANALYZER_NUMBER_OBJECT_CONVERSION = YES_AGGRESSIVE;
				CLANG_CXX_LANGUAGE_STANDARD = "gnu++17";
				CLANG_CXX_LIBRARY = "libc++";
				CLANG_ENABLE_MODULES = YES;
				CLANG_ENABLE_OBJC_ARC = YES;
				CLANG_ENABLE_OBJC_WEAK = YES;
				CLANG_WARN_BLOCK_CAPTURE_AUTORELEASING = YES;
				CLANG_WARN_BOOL_CONVERSION = YES;
				CLANG_WARN_COMMA = YES;
				CLANG_WARN_CONSTANT_CONVERSION = YES;
				CLANG_WARN_DEPRECATED_OBJC_IMPLEMENTATIONS = YES;
				CLANG_WARN_DIRECT_OBJC_ISA_USAGE = YES_ERROR;
				CLANG_WARN_DOCUMENTATION_COMMENTS = YES;
				CLANG_WARN_EMPTY_BODY = YES;
				CLANG_WARN_ENUM_CONVERSION = YES;
				CLANG_WARN_INFINITE_RECURSION = YES;
				CLANG_WARN_INT_CONVERSION = YES;
				CLANG_WARN_NON_LITERAL_NULL_CONVERSION = YES;
				CLANG_WARN_OBJC_IMPLICIT_RETAIN_SELF = YES;
				CLANG_WARN_OBJC_LITERAL_CONVERSION = YES;
				CLANG_WARN_OBJC_ROOT_CLASS = YES_ERROR;
				CLANG_WARN_QUOTED_INCLUDE_IN_FRAMEWORK_HEADER = YES;
				CLANG_WARN_RANGE_LOOP_ANALYSIS = YES;
				CLANG_WARN_STRICT_PROTOTYPES = YES;
				CLANG_WARN_SUSPICIOUS_MOVE = YES;
				CLANG_WARN_UNGUARDED_AVAILABILITY = YES_AGGRESSIVE;
				CLANG_WARN_UNREACHABLE_CODE = YES;
				CLANG_WARN__DUPLICATE_METHOD_MATCH = YES;
				COPY_PHASE_STRIP = NO;
				DEBUG_INFORMATION_FORMAT = "dwarf-with-dsym";
				ENABLE_NS_ASSERTIONS = NO;
				ENABLE_STRICT_OBJC_MSGSEND = YES;
				GCC_C_LANGUAGE_STANDARD = gnu11;
				GCC_NO_COMMON_BLOCKS = YES;
				GCC_WARN_64_TO_32_BIT_CONVERSION = YES;
				GCC_WARN_ABOUT_RETURN_TYPE = YES_ERROR;
				GCC_WARN_UNDECLARED_SELECTOR = YES;
				GCC_WARN_UNINITIALIZED_AUTOS = YES_AGGRESSIVE;
				GCC_WARN_UNUSED_FUNCTION = YES;
				GCC_WARN_UNUSED_VARIABLE = YES;
				IPHONEOS_DEPLOYMENT_TARGET = 15.0;
				MTL_ENABLE_DEBUG_INFO = NO;
				MTL_FAST_MATH = YES;
				SDKROOT = iphoneos;
				SWIFT_COMPILATION_MODE = wholemodule;
				SWIFT_OPTIMIZATION_LEVEL = "-O";
				VALIDATE_PRODUCT = YES;
			};
			name = Release;
		};
		3FD7E1EE27A9A27800A727DD /* Debug */ = {
			isa = XCBuildConfiguration;
			buildSettings = {
				ASSETCATALOG_COMPILER_APPICON_NAME = AppIcon;
				ASSETCATALOG_COMPILER_GLOBAL_ACCENT_COLOR_NAME = AccentColor;
				CODE_SIGN_STYLE = Automatic;
				CURRENT_PROJECT_VERSION = 1;
				DEVELOPMENT_ASSET_PATHS = "\"Feed The Cat/Preview Content\"";
				DEVELOPMENT_TEAM = 9G6V47L895;
				ENABLE_PREVIEWS = YES;
				GENERATE_INFOPLIST_FILE = YES;
				INFOPLIST_FILE = "Feed-The-Cat-Info.plist";
				INFOPLIST_KEY_LSApplicationCategoryType = "public.app-category.arcade-games";
				INFOPLIST_KEY_UIApplicationSceneManifest_Generation = YES;
				INFOPLIST_KEY_UIApplicationSupportsIndirectInputEvents = YES;
				INFOPLIST_KEY_UILaunchScreen_Generation = YES;
				INFOPLIST_KEY_UILaunchStoryboardName = LaunchScreen;
				INFOPLIST_KEY_UISupportedInterfaceOrientations_iPad = "UIInterfaceOrientationPortrait UIInterfaceOrientationPortraitUpsideDown UIInterfaceOrientationLandscapeLeft UIInterfaceOrientationLandscapeRight";
				INFOPLIST_KEY_UISupportedInterfaceOrientations_iPhone = "UIInterfaceOrientationPortrait UIInterfaceOrientationLandscapeLeft UIInterfaceOrientationLandscapeRight";
				INFOPLIST_KEY_UIUserInterfaceStyle = Light;
				IPHONEOS_DEPLOYMENT_TARGET = 15.0;
				LD_RUNPATH_SEARCH_PATHS = (
					"$(inherited)",
					"@executable_path/Frameworks",
				);
				MARKETING_VERSION = 1.0;
				PRODUCT_BUNDLE_IDENTIFIER = "com.Budovich.Ivan.Feed-The-Cat";
				PRODUCT_NAME = "$(TARGET_NAME)";
				SWIFT_EMIT_LOC_STRINGS = YES;
				SWIFT_VERSION = 5.0;
				TARGETED_DEVICE_FAMILY = "1,2";
			};
			name = Debug;
		};
		3FD7E1EF27A9A27800A727DD /* Release */ = {
			isa = XCBuildConfiguration;
			buildSettings = {
				ASSETCATALOG_COMPILER_APPICON_NAME = AppIcon;
				ASSETCATALOG_COMPILER_GLOBAL_ACCENT_COLOR_NAME = AccentColor;
				CODE_SIGN_STYLE = Automatic;
				CURRENT_PROJECT_VERSION = 1;
				DEVELOPMENT_ASSET_PATHS = "\"Feed The Cat/Preview Content\"";
				DEVELOPMENT_TEAM = 9G6V47L895;
				ENABLE_PREVIEWS = YES;
				GENERATE_INFOPLIST_FILE = YES;
				INFOPLIST_FILE = "Feed-The-Cat-Info.plist";
				INFOPLIST_KEY_LSApplicationCategoryType = "public.app-category.arcade-games";
				INFOPLIST_KEY_UIApplicationSceneManifest_Generation = YES;
				INFOPLIST_KEY_UIApplicationSupportsIndirectInputEvents = YES;
				INFOPLIST_KEY_UILaunchScreen_Generation = YES;
				INFOPLIST_KEY_UILaunchStoryboardName = LaunchScreen;
				INFOPLIST_KEY_UISupportedInterfaceOrientations_iPad = "UIInterfaceOrientationPortrait UIInterfaceOrientationPortraitUpsideDown UIInterfaceOrientationLandscapeLeft UIInterfaceOrientationLandscapeRight";
				INFOPLIST_KEY_UISupportedInterfaceOrientations_iPhone = "UIInterfaceOrientationPortrait UIInterfaceOrientationLandscapeLeft UIInterfaceOrientationLandscapeRight";
				INFOPLIST_KEY_UIUserInterfaceStyle = Light;
				IPHONEOS_DEPLOYMENT_TARGET = 15.0;
				LD_RUNPATH_SEARCH_PATHS = (
					"$(inherited)",
					"@executable_path/Frameworks",
				);
				MARKETING_VERSION = 1.0;
				PRODUCT_BUNDLE_IDENTIFIER = "com.Budovich.Ivan.Feed-The-Cat";
				PRODUCT_NAME = "$(TARGET_NAME)";
				SWIFT_EMIT_LOC_STRINGS = YES;
				SWIFT_VERSION = 5.0;
				TARGETED_DEVICE_FAMILY = "1,2";
			};
			name = Release;
		};
/* End XCBuildConfiguration section */

/* Begin XCConfigurationList section */
		3FD7E1DA27A9A27600A727DD /* Build configuration list for PBXProject "Feed The Cat" */ = {
			isa = XCConfigurationList;
			buildConfigurations = (
				3FD7E1EB27A9A27800A727DD /* Debug */,
				3FD7E1EC27A9A27800A727DD /* Release */,
			);
			defaultConfigurationIsVisible = 0;
			defaultConfigurationName = Release;
		};
		3FD7E1ED27A9A27800A727DD /* Build configuration list for PBXNativeTarget "Feed The Cat" */ = {
			isa = XCConfigurationList;
			buildConfigurations = (
				3FD7E1EE27A9A27800A727DD /* Debug */,
				3FD7E1EF27A9A27800A727DD /* Release */,
			);
			defaultConfigurationIsVisible = 0;
			defaultConfigurationName = Release;
		};
/* End XCConfigurationList section */

/* Begin XCRemoteSwiftPackageReference section */
		3FCA30AA27B29C4A006A0701 /* XCRemoteSwiftPackageReference "CombineExt" */ = {
			isa = XCRemoteSwiftPackageReference;
			repositoryURL = "https://github.com/CombineCommunity/CombineExt.git";
			requirement = {
				kind = upToNextMajorVersion;
				minimumVersion = 1.0.0;
			};
		};
		3FE42F1127AC034700476D14 /* XCRemoteSwiftPackageReference "firebase-ios-sdk" */ = {
			isa = XCRemoteSwiftPackageReference;
			repositoryURL = "https://github.com/firebase/firebase-ios-sdk";
			requirement = {
				kind = upToNextMajorVersion;
				minimumVersion = 8.0.0;
			};
		};
/* End XCRemoteSwiftPackageReference section */

/* Begin XCSwiftPackageProductDependency section */
		3FCA30AB27B29C4A006A0701 /* CombineExt */ = {
			isa = XCSwiftPackageProductDependency;
			package = 3FCA30AA27B29C4A006A0701 /* XCRemoteSwiftPackageReference "CombineExt" */;
			productName = CombineExt;
		};
		3FE42F1227AC034700476D14 /* FirebaseAuth */ = {
			isa = XCSwiftPackageProductDependency;
			package = 3FE42F1127AC034700476D14 /* XCRemoteSwiftPackageReference "firebase-ios-sdk" */;
			productName = FirebaseAuth;
		};
		3FE42F1427AC034700476D14 /* FirebaseFirestore */ = {
			isa = XCSwiftPackageProductDependency;
			package = 3FE42F1127AC034700476D14 /* XCRemoteSwiftPackageReference "firebase-ios-sdk" */;
			productName = FirebaseFirestore;
		};
/* End XCSwiftPackageProductDependency section */
	};
	rootObject = 3FD7E1D727A9A27600A727DD /* Project object */;
}
